# This file was autogenerated by Juvix version 0.6.6.
# Do not edit this file manually.

version: 2
checksum: 3ac97b0abcbe0af531a71551a177ed89935e3c5b348f802db106b30d41075583
dependencies:
- git:
    name: anoma_juvix-stdlib
    ref: 1e581bb8fb8a6a9198ad927d1611d280ad5789a6
    url: https://github.com/anoma/juvix-stdlib
  dependencies: []
