# This file was autogenerated by Juvix version 0.6.2.
# Do not edit this file manually.

version: 2
checksum: 91b363e74383b39d253c12430342166e18a8af6449e0ff9267b1f0116159cfcb
dependencies:
- git:
    name: anoma_juvix-stdlib
    ref: 3f2c29880e749c7dd222011527a077b5f5050a95
    url: https://github.com/anoma/juvix-stdlib
  dependencies: []
