# This file was autogenerated by Juvix version 0.6.4.
# Do not edit this file manually.

version: 2
checksum: 3622ef43eabe7a833e6fd67b434b39982125175cfb66fa00395f6afc67a9b3ce
dependencies:
- git:
    name: anoma_juvix-stdlib
    ref: 297601a98dcace657aaff6e42945f1430647885b
    url: https://github.com/anoma/juvix-stdlib
  dependencies: []
